
Microsoft Visual Studio Solution File, Format Version 12.00
# Visual Studio Version 16
VisualStudioVersion = 16.0.30709.132
MinimumVisualStudioVersion = 10.0.40219.1
Project("{2150E333-8FDC-42A3-9474-1A3956D46DE8}") = "Web", "Web", "{AC662081-9B5D-438A-9746-38245D896BBC}"
EndProject
Project("{9A19103F-16F7-4668-BE54-9A1E7A4F7556}") = "ThroneOfCommons.Mvc", "ThroneOfCommons.Mvc\ThroneOfCommons.Mvc.csproj", "{FCCDC8EE-882C-4E86-B664-9FF9616E6256}"
EndProject
Project("{9A19103F-16F7-4668-BE54-9A1E7A4F7556}") = "ThroneOfCommons.Core", "ThroneOfCommons.Core\ThroneOfCommons.Core.csproj", "{F47F4DD4-ED23-4C17-AAD5-8EE325E932AE}"
EndProject
Project("{9A19103F-16F7-4668-BE54-9A1E7A4F7556}") = "ThroneOfCommons.Tests", "ThroneOfCommons.Tests\ThroneOfCommons.Tests.csproj", "{66D6E1D8-8327-4E1C-BFE5-78F45AB980D7}"
EndProject
Global
	GlobalSection(SolutionConfigurationPlatforms) = preSolution
		Debug|Any CPU = Debug|Any CPU
		Release|Any CPU = Release|Any CPU
	EndGlobalSection
	GlobalSection(ProjectConfigurationPlatforms) = postSolution
		{FCCDC8EE-882C-4E86-B664-9FF9616E6256}.Debug|Any CPU.ActiveCfg = Debug|Any CPU
		{FCCDC8EE-882C-4E86-B664-9FF9616E6256}.Debug|Any CPU.Build.0 = Debug|Any CPU
		{FCCDC8EE-882C-4E86-B664-9FF9616E6256}.Release|Any CPU.ActiveCfg = Release|Any CPU
		{FCCDC8EE-882C-4E86-B664-9FF9616E6256}.Release|Any CPU.Build.0 = Release|Any CPU
		{F47F4DD4-ED23-4C17-AAD5-8EE325E932AE}.Debug|Any CPU.ActiveCfg = Debug|Any CPU
		{F47F4DD4-ED23-4C17-AAD5-8EE325E932AE}.Debug|Any CPU.Build.0 = Debug|Any CPU
		{F47F4DD4-ED23-4C17-AAD5-8EE325E932AE}.Release|Any CPU.ActiveCfg = Release|Any CPU
		{F47F4DD4-ED23-4C17-AAD5-8EE325E932AE}.Release|Any CPU.Build.0 = Release|Any CPU
		{66D6E1D8-8327-4E1C-BFE5-78F45AB980D7}.Debug|Any CPU.ActiveCfg = Debug|Any CPU
		{66D6E1D8-8327-4E1C-BFE5-78F45AB980D7}.Debug|Any CPU.Build.0 = Debug|Any CPU
		{66D6E1D8-8327-4E1C-BFE5-78F45AB980D7}.Release|Any CPU.ActiveCfg = Release|Any CPU
		{66D6E1D8-8327-4E1C-BFE5-78F45AB980D7}.Release|Any CPU.Build.0 = Release|Any CPU
	EndGlobalSection
	GlobalSection(SolutionProperties) = preSolution
		HideSolutionNode = FALSE
	EndGlobalSection
	GlobalSection(NestedProjects) = preSolution
		{FCCDC8EE-882C-4E86-B664-9FF9616E6256} = {AC662081-9B5D-438A-9746-38245D896BBC}
	EndGlobalSection
	GlobalSection(ExtensibilityGlobals) = postSolution
		SolutionGuid = {5D1598E5-E199-47EC-AE46-027544153773}
	EndGlobalSection
EndGlobal
